
Microsoft Visual Studio Solution File, Format Version 12.00
# Visual Studio 2017
Project("{FAE04EC0-301F-11D3-BF4B-00C04F79EFBC}") = "IceBoltIndoors", "IceBoltIndoors.csproj", "{D53D19D6-CE2D-B3C4-B921-7754946FA28E}"
EndProject
Project("{FAE04EC0-301F-11D3-BF4B-00C04F79EFBC}") = "IceBoltIndoors.Plugins", "IceBoltIndoors.Plugins.csproj", "{DC1567D6-4F32-6475-E8A7-616B58DEE354}"
EndProject
Project("{FAE04EC0-301F-11D3-BF4B-00C04F79EFBC}") = "IceBoltIndoors.Editor", "IceBoltIndoors.Editor.csproj", "{CCB43DB7-6AAB-7F87-63AC-6C0866B2D3BB}"
EndProject
Project("{FAE04EC0-301F-11D3-BF4B-00C04F79EFBC}") = "WorldCompiler", "..\..\WorldCopmiler\WorldCompiler\WorldCompiler.csproj", "{72E7C688-565B-4EA0-AAF5-C6A55BBB8126}"
EndProject
Global
	GlobalSection(SolutionConfigurationPlatforms) = preSolution
		Debug|Any CPU = Debug|Any CPU
		Release|Any CPU = Release|Any CPU
	EndGlobalSection
	GlobalSection(ProjectConfigurationPlatforms) = postSolution
		{D53D19D6-CE2D-B3C4-B921-7754946FA28E}.Debug|Any CPU.ActiveCfg = Debug|Any CPU
		{D53D19D6-CE2D-B3C4-B921-7754946FA28E}.Debug|Any CPU.Build.0 = Debug|Any CPU
		{D53D19D6-CE2D-B3C4-B921-7754946FA28E}.Release|Any CPU.ActiveCfg = Release|Any CPU
		{D53D19D6-CE2D-B3C4-B921-7754946FA28E}.Release|Any CPU.Build.0 = Release|Any CPU
		{DC1567D6-4F32-6475-E8A7-616B58DEE354}.Debug|Any CPU.ActiveCfg = Debug|Any CPU
		{DC1567D6-4F32-6475-E8A7-616B58DEE354}.Debug|Any CPU.Build.0 = Debug|Any CPU
		{DC1567D6-4F32-6475-E8A7-616B58DEE354}.Release|Any CPU.ActiveCfg = Release|Any CPU
		{DC1567D6-4F32-6475-E8A7-616B58DEE354}.Release|Any CPU.Build.0 = Release|Any CPU
		{CCB43DB7-6AAB-7F87-63AC-6C0866B2D3BB}.Debug|Any CPU.ActiveCfg = Debug|Any CPU
		{CCB43DB7-6AAB-7F87-63AC-6C0866B2D3BB}.Debug|Any CPU.Build.0 = Debug|Any CPU
		{CCB43DB7-6AAB-7F87-63AC-6C0866B2D3BB}.Release|Any CPU.ActiveCfg = Release|Any CPU
		{CCB43DB7-6AAB-7F87-63AC-6C0866B2D3BB}.Release|Any CPU.Build.0 = Release|Any CPU
		{72E7C688-565B-4EA0-AAF5-C6A55BBB8126}.Debug|Any CPU.ActiveCfg = Debug|Any CPU
		{72E7C688-565B-4EA0-AAF5-C6A55BBB8126}.Debug|Any CPU.Build.0 = Debug|Any CPU
		{72E7C688-565B-4EA0-AAF5-C6A55BBB8126}.Release|Any CPU.ActiveCfg = Release|Any CPU
		{72E7C688-565B-4EA0-AAF5-C6A55BBB8126}.Release|Any CPU.Build.0 = Release|Any CPU
	EndGlobalSection
	GlobalSection(SolutionProperties) = preSolution
		HideSolutionNode = FALSE
	EndGlobalSection
EndGlobal
